
Microsoft Visual Studio Solution File, Format Version 12.00
# Visual Studio Version 17
VisualStudioVersion = 17.14.36511.14 d17.14
MinimumVisualStudioVersion = 10.0.40219.1
Project("{FAE04EC0-301F-11D3-BF4B-00C04F79EFBC}") = "NorthwindWeb", "NorthwindWeb.csproj", "{2202DC2C-0952-4408-AA43-D9503A005DA9}"
EndProject
Global
	GlobalSection(SolutionConfigurationPlatforms) = preSolution
		Debug|Any CPU = Debug|Any CPU
		Release|Any CPU = Release|Any CPU
	EndGlobalSection
	GlobalSection(ProjectConfigurationPlatforms) = postSolution
		{2202DC2C-0952-4408-AA43-D9503A005DA9}.Debug|Any CPU.ActiveCfg = Debug|Any CPU
		{2202DC2C-0952-4408-AA43-D9503A005DA9}.Debug|Any CPU.Build.0 = Debug|Any CPU
		{2202DC2C-0952-4408-AA43-D9503A005DA9}.Release|Any CPU.ActiveCfg = Release|Any CPU
		{2202DC2C-0952-4408-AA43-D9503A005DA9}.Release|Any CPU.Build.0 = Release|Any CPU
	EndGlobalSection
	GlobalSection(SolutionProperties) = preSolution
		HideSolutionNode = FALSE
	EndGlobalSection
	GlobalSection(ExtensibilityGlobals) = postSolution
		SolutionGuid = {79074AE9-9B43-4BB8-9DA7-19658D941614}
	EndGlobalSection
EndGlobal
